# This file is automatically @generated by Cargo.
# It is not intended for manual editing.
version = 3

[[package]]
name = "aho-corasick"
version = "1.1.3"
source = "registry+https://github.com/rust-lang/crates.io-index"
checksum = "8e60d3430d3a69478ad0993f19238d2df97c507009a52b3c10addcd7f6bcb916"
dependencies = [
 "memchr",
]

[[package]]
name = "anes"
version = "0.1.6"
source = "registry+https://github.com/rust-lang/crates.io-index"
checksum = "4b46cbb362ab8752921c97e041f5e366ee6297bd428a31275b9fcf1e380f7299"

[[package]]
name = "anstream"
version = "0.6.13"
source = "registry+https://github.com/rust-lang/crates.io-index"
checksum = "d96bd03f33fe50a863e394ee9718a706f988b9079b20c3784fb726e7678b62fb"
dependencies = [
 "anstyle",
 "anstyle-parse",
 "anstyle-query",
 "anstyle-wincon",
 "colorchoice",
 "utf8parse",
]

[[package]]
name = "anstyle"
version = "1.0.6"
source = "registry+https://github.com/rust-lang/crates.io-index"
checksum = "8901269c6307e8d93993578286ac0edf7f195079ffff5ebdeea6a59ffb7e36bc"

[[package]]
name = "anstyle-parse"
version = "0.2.3"
source = "registry+https://github.com/rust-lang/crates.io-index"
checksum = "c75ac65da39e5fe5ab759307499ddad880d724eed2f6ce5b5e8a26f4f387928c"
dependencies = [
 "utf8parse",
]

[[package]]
name = "anstyle-query"
version = "1.0.2"
source = "registry+https://github.com/rust-lang/crates.io-index"
checksum = "e28923312444cdd728e4738b3f9c9cac739500909bb3d3c94b43551b16517648"
dependencies = [
 "windows-sys 0.52.0",
]

[[package]]
name = "anstyle-wincon"
version = "3.0.2"
source = "registry+https://github.com/rust-lang/crates.io-index"
checksum = "1cd54b81ec8d6180e24654d0b371ad22fc3dd083b6ff8ba325b72e00c87660a7"
dependencies = [
 "anstyle",
 "windows-sys 0.52.0",
]

[[package]]
name = "askama"
version = "0.12.1"
source = "registry+https://github.com/rust-lang/crates.io-index"
checksum = "b79091df18a97caea757e28cd2d5fda49c6cd4bd01ddffd7ff01ace0c0ad2c28"
dependencies = [
 "askama_derive",
 "askama_escape",
 "humansize",
 "num-traits",
 "percent-encoding",
]

[[package]]
name = "askama_derive"
version = "0.12.5"
source = "registry+https://github.com/rust-lang/crates.io-index"
checksum = "19fe8d6cb13c4714962c072ea496f3392015f0989b1a2847bb4b2d9effd71d83"
dependencies = [
 "askama_parser",
 "basic-toml",
 "mime",
 "mime_guess",
 "proc-macro2",
 "quote",
 "serde",
 "syn",
]

[[package]]
name = "askama_escape"
version = "0.10.3"
source = "registry+https://github.com/rust-lang/crates.io-index"
checksum = "619743e34b5ba4e9703bba34deac3427c72507c7159f5fd030aea8cac0cfe341"

[[package]]
name = "askama_parser"
version = "0.2.1"
source = "registry+https://github.com/rust-lang/crates.io-index"
checksum = "acb1161c6b64d1c3d83108213c2a2533a342ac225aabd0bda218278c2ddb00c0"
dependencies = [
 "nom",
]

[[package]]
name = "autocfg"
version = "1.1.0"
source = "registry+https://github.com/rust-lang/crates.io-index"
checksum = "d468802bab17cbc0cc575e9b053f41e72aa36bfa6b7f55e3529ffa43161b97fa"

[[package]]
name = "basic-toml"
version = "0.1.9"
source = "registry+https://github.com/rust-lang/crates.io-index"
checksum = "823388e228f614e9558c6804262db37960ec8821856535f5c3f59913140558f8"
dependencies = [
 "serde",
]

[[package]]
name = "bitflags"
version = "2.5.0"
source = "registry+https://github.com/rust-lang/crates.io-index"
checksum = "cf4b9d6a944f767f8e5e0db018570623c85f3d925ac718db4e06d0187adb21c1"

[[package]]
name = "bumpalo"
version = "3.16.0"
source = "registry+https://github.com/rust-lang/crates.io-index"
checksum = "79296716171880943b8470b5f8d03aa55eb2e645a4874bdbb28adb49162e012c"

[[package]]
name = "bytes"
version = "1.7.1"
source = "registry+https://github.com/rust-lang/crates.io-index"
checksum = "8318a53db07bb3f8dca91a600466bdb3f2eaadeedfdbcf02e1accbad9271ba50"

[[package]]
name = "calendrical_calculations"
version = "0.1.0"
source = "registry+https://github.com/rust-lang/crates.io-index"
checksum = "8dfe3bc6a50b4667fafdb6d9cf26731c5418c457e317d8166c972014facf9a5d"
dependencies = [
 "core_maths",
 "displaydoc",
]

[[package]]
name = "cast"
version = "0.3.0"
source = "registry+https://github.com/rust-lang/crates.io-index"
checksum = "37b2a672a2cb129a2e41c10b1224bb368f9f37a2b16b612598138befd7b37eb5"

[[package]]
name = "cesu8"
version = "1.1.0"
source = "registry+https://github.com/rust-lang/crates.io-index"
checksum = "6d43a04d8753f35258c91f8ec639f792891f748a1edbd759cf1dcea3382ad83c"

[[package]]
name = "cfg-if"
version = "1.0.0"
source = "registry+https://github.com/rust-lang/crates.io-index"
checksum = "baf1de4339761588bc0619e3cbc0120ee582ebb74b53b4efbf79117bd2da40fd"

[[package]]
name = "ciborium"
version = "0.2.2"
source = "registry+https://github.com/rust-lang/crates.io-index"
checksum = "42e69ffd6f0917f5c029256a24d0161db17cea3997d185db0d35926308770f0e"
dependencies = [
 "ciborium-io",
 "ciborium-ll",
 "serde",
]

[[package]]
name = "ciborium-io"
version = "0.2.2"
source = "registry+https://github.com/rust-lang/crates.io-index"
checksum = "05afea1e0a06c9be33d539b876f1ce3692f4afea2cb41f740e7743225ed1c757"

[[package]]
name = "ciborium-ll"
version = "0.2.2"
source = "registry+https://github.com/rust-lang/crates.io-index"
checksum = "57663b653d948a338bfb3eeba9bb2fd5fcfaecb9e199e87e1eda4d9e8b240fd9"
dependencies = [
 "ciborium-io",
 "half",
]

[[package]]
name = "clap"
version = "4.4.18"
source = "registry+https://github.com/rust-lang/crates.io-index"
checksum = "1e578d6ec4194633722ccf9544794b71b1385c3c027efe0c55db226fc880865c"
dependencies = [
 "clap_builder",
 "clap_derive",
]

[[package]]
name = "clap_builder"
version = "4.4.18"
source = "registry+https://github.com/rust-lang/crates.io-index"
checksum = "4df4df40ec50c46000231c914968278b1eb05098cf8f1b3a518a95030e71d1c7"
dependencies = [
 "anstream",
 "anstyle",
 "clap_lex",
 "strsim",
]

[[package]]
name = "clap_derive"
version = "4.4.7"
source = "registry+https://github.com/rust-lang/crates.io-index"
checksum = "cf9804afaaf59a91e75b022a30fb7229a7901f60c755489cc61c9b423b836442"
dependencies = [
 "heck",
 "proc-macro2",
 "quote",
 "syn",
]

[[package]]
name = "clap_lex"
version = "0.6.0"
source = "registry+https://github.com/rust-lang/crates.io-index"
checksum = "702fc72eb24e5a1e48ce58027a675bc24edd52096d5397d4aea7c6dd9eca0bd1"

[[package]]
name = "colorchoice"
version = "1.0.0"
source = "registry+https://github.com/rust-lang/crates.io-index"
checksum = "acbf1af155f9b9ef647e42cdc158db4b64a1b61f743629225fde6f3e0be2a7c7"

[[package]]
name = "colored"
version = "2.1.0"
source = "registry+https://github.com/rust-lang/crates.io-index"
checksum = "cbf2150cce219b664a8a70df7a1f933836724b503f8a413af9365b4dcc4d90b8"
dependencies = [
 "lazy_static",
 "windows-sys 0.48.0",
]

[[package]]
name = "combine"
version = "4.6.7"
source = "registry+https://github.com/rust-lang/crates.io-index"
checksum = "ba5a308b75df32fe02788e748662718f03fde005016435c444eea572398219fd"
dependencies = [
 "bytes",
 "memchr",
]

[[package]]
name = "console"
version = "0.15.8"
source = "registry+https://github.com/rust-lang/crates.io-index"
checksum = "0e1f83fc076bd6dd27517eacdf25fef6c4dfe5f1d7448bafaaf3a26f13b5e4eb"
dependencies = [
 "encode_unicode",
 "lazy_static",
 "libc",
 "windows-sys 0.52.0",
]

[[package]]
name = "core_maths"
version = "0.1.0"
source = "registry+https://github.com/rust-lang/crates.io-index"
checksum = "e3b02505ccb8c50b0aa21ace0fc08c3e53adebd4e58caa18a36152803c7709a3"
dependencies = [
 "libm",
]

[[package]]
name = "criterion"
version = "0.5.1"
source = "registry+https://github.com/rust-lang/crates.io-index"
checksum = "f2b12d017a929603d80db1831cd3a24082f8137ce19c69e6447f54f5fc8d692f"
dependencies = [
 "anes",
 "cast",
 "ciborium",
 "clap",
 "criterion-plot",
 "is-terminal",
 "itertools 0.10.5",
 "num-traits",
 "once_cell",
 "oorandom",
 "plotters",
 "rayon",
 "regex",
 "serde",
 "serde_derive",
 "serde_json",
 "tinytemplate",
 "walkdir",
]

[[package]]
name = "criterion-plot"
version = "0.5.0"
source = "registry+https://github.com/rust-lang/crates.io-index"
checksum = "6b50826342786a51a89e2da3a28f1c32b06e387201bc2d19791f622c673706b1"
dependencies = [
 "cast",
 "itertools 0.10.5",
]

[[package]]
name = "crossbeam-deque"
version = "0.8.5"
source = "registry+https://github.com/rust-lang/crates.io-index"
checksum = "613f8cc01fe9cf1a3eb3d7f488fd2fa8388403e97039e2f73692932e291a770d"
dependencies = [
 "crossbeam-epoch",
 "crossbeam-utils",
]

[[package]]
name = "crossbeam-epoch"
version = "0.9.18"
source = "registry+https://github.com/rust-lang/crates.io-index"
checksum = "5b82ac4a3c2ca9c3460964f020e1402edd5753411d7737aa39c3714ad1b5420e"
dependencies = [
 "crossbeam-utils",
]

[[package]]
name = "crossbeam-utils"
version = "0.8.20"
source = "registry+https://github.com/rust-lang/crates.io-index"
checksum = "22ec99545bb0ed0ea7bb9b8e1e9122ea386ff8a48c0922e43f36d45ab09e0e80"

[[package]]
name = "crunchy"
version = "0.2.2"
source = "registry+https://github.com/rust-lang/crates.io-index"
checksum = "7a81dae078cea95a014a339291cec439d2f232ebe854a9d672b796c6afafa9b7"

[[package]]
name = "diplomat"
version = "0.9.0"
dependencies = [
 "diplomat_core",
 "insta",
 "proc-macro2",
 "quote",
 "syn",
 "tempfile",
]

[[package]]
name = "diplomat-example"
version = "0.9.0"
dependencies = [
 "criterion",
 "diplomat",
 "diplomat-runtime",
 "fixed_decimal",
 "icu",
 "icu_provider",
 "icu_testdata",
 "writeable",
]

[[package]]
name = "diplomat-feature-tests"
version = "0.9.0"
dependencies = [
 "diplomat",
 "diplomat-runtime",
 "log",
]

[[package]]
name = "diplomat-runtime"
version = "0.9.0"
dependencies = [
 "jni",
 "log",
]

[[package]]
name = "diplomat-tool"
version = "0.9.0"
dependencies = [
 "askama",
 "clap",
 "colored",
 "diplomat_core",
 "displaydoc",
 "heck",
 "indenter",
 "insta",
 "itertools 0.14.0",
 "once_cell",
 "proc-macro2",
 "pulldown-cmark",
 "quote",
 "serde",
 "syn",
 "syn-inline-mod",
 "toml",
]

[[package]]
name = "diplomat_core"
version = "0.9.0"
dependencies = [
 "displaydoc",
 "either",
 "insta",
 "proc-macro2",
 "quote",
 "serde",
 "smallvec",
 "strck",
 "syn",
]

[[package]]
name = "displaydoc"
version = "0.2.4"
source = "registry+https://github.com/rust-lang/crates.io-index"
checksum = "487585f4d0c6655fe74905e2504d8ad6908e4db67f744eb140876906c2f3175d"
dependencies = [
 "proc-macro2",
 "quote",
 "syn",
]

[[package]]
name = "either"
version = "1.10.0"
source = "registry+https://github.com/rust-lang/crates.io-index"
checksum = "11157ac094ffbdde99aa67b23417ebdd801842852b500e395a45a9c0aac03e4a"

[[package]]
name = "encode_unicode"
version = "0.3.6"
source = "registry+https://github.com/rust-lang/crates.io-index"
checksum = "a357d28ed41a50f9c765dbfe56cbc04a64e53e5fc58ba79fbc34c10ef3df831f"

[[package]]
name = "errno"
version = "0.3.8"
source = "registry+https://github.com/rust-lang/crates.io-index"
checksum = "a258e46cdc063eb8519c00b9fc845fc47bcfca4130e2f08e88665ceda8474245"
dependencies = [
 "libc",
 "windows-sys 0.52.0",
]

[[package]]
name = "fastrand"
version = "2.0.2"
source = "registry+https://github.com/rust-lang/crates.io-index"
checksum = "658bd65b1cf4c852a3cc96f18a8ce7b5640f6b703f905c7d74532294c2a63984"

[[package]]
name = "fixed_decimal"
version = "0.5.5"
source = "registry+https://github.com/rust-lang/crates.io-index"
checksum = "cbc7fdec9d7f6671a3ebb3282c969962aba67c49f6abac5311959b65cafabc10"
dependencies = [
 "displaydoc",
 "smallvec",
 "writeable",
]

[[package]]
name = "getopts"
version = "0.2.21"
source = "registry+https://github.com/rust-lang/crates.io-index"
checksum = "14dbbfd5c71d70241ecf9e6f13737f7b5ce823821063188d7e46c41d371eebd5"
dependencies = [
 "unicode-width",
]

[[package]]
name = "half"
version = "2.4.1"
source = "registry+https://github.com/rust-lang/crates.io-index"
checksum = "6dd08c532ae367adf81c312a4580bc67f1d0fe8bc9c460520283f4c0ff277888"
dependencies = [
 "cfg-if",
 "crunchy",
]

[[package]]
name = "heck"
version = "0.4.1"
source = "registry+https://github.com/rust-lang/crates.io-index"
checksum = "95505c38b4572b2d910cecb0281560f54b440a19336cbbcb27bf6ce6adc6f5a8"

[[package]]
name = "hermit-abi"
version = "0.3.9"
source = "registry+https://github.com/rust-lang/crates.io-index"
checksum = "d231dfb89cfffdbc30e7fc41579ed6066ad03abda9e567ccafae602b97ec5024"

[[package]]
name = "humansize"
version = "2.1.3"
source = "registry+https://github.com/rust-lang/crates.io-index"
checksum = "6cb51c9a029ddc91b07a787f1d86b53ccfa49b0e86688c946ebe8d3555685dd7"
dependencies = [
 "libm",
]

[[package]]
name = "icu"
version = "1.4.0"
source = "registry+https://github.com/rust-lang/crates.io-index"
checksum = "21be1c98fbdb29fff7e34b2939a4f30dad330d4cc20f7be1b3956e21032f67ba"
dependencies = [
 "icu_calendar",
 "icu_casemap",
 "icu_collator",
 "icu_collections",
 "icu_compactdecimal",
 "icu_datetime",
 "icu_decimal",
 "icu_displaynames",
 "icu_list",
 "icu_locid",
 "icu_locid_transform",
 "icu_normalizer",
 "icu_plurals",
 "icu_properties",
 "icu_provider",
 "icu_relativetime",
 "icu_segmenter",
 "icu_timezone",
]

[[package]]
name = "icu_calendar"
version = "1.4.0"
source = "registry+https://github.com/rust-lang/crates.io-index"
checksum = "7eb932a690c92f87955e923106181ee0d5682e688ff37fb5c7b296e1fe806edb"
dependencies = [
 "calendrical_calculations",
 "displaydoc",
 "icu_calendar_data",
 "icu_locid",
 "icu_locid_transform",
 "icu_provider",
 "tinystr",
 "writeable",
 "zerovec",
]

[[package]]
name = "icu_calendar_data"
version = "1.4.0"
source = "registry+https://github.com/rust-lang/crates.io-index"
checksum = "22aec7d032735d9acb256eeef72adcac43c3b7572f19b51576a63d664b524ca2"

[[package]]
name = "icu_casemap"
version = "1.4.0"
source = "registry+https://github.com/rust-lang/crates.io-index"
checksum = "7988d4f2655012592ac5b027722a93fbe12ff2a86d3e0f9ae686aedba0984f5e"
dependencies = [
 "displaydoc",
 "icu_casemap_data",
 "icu_collections",
 "icu_locid",
 "icu_properties",
 "icu_provider",
 "writeable",
 "zerovec",
]

[[package]]
name = "icu_casemap_data"
version = "1.4.0"
source = "registry+https://github.com/rust-lang/crates.io-index"
checksum = "f36409fb8ce6f87c408310d87396ac471cc7320e007e648814c607c60fe77cc5"

[[package]]
name = "icu_collator"
version = "1.4.0"
source = "registry+https://github.com/rust-lang/crates.io-index"
checksum = "8a2a45056e541cffde068f5c81ac1c0503b9ee2a4b967546422e509c5c653750"
dependencies = [
 "displaydoc",
 "icu_collator_data",
 "icu_collections",
 "icu_locid",
 "icu_locid_transform",
 "icu_normalizer",
 "icu_properties",
 "icu_provider",
 "smallvec",
 "utf16_iter",
 "utf8_iter",
 "zerovec",
]

[[package]]
name = "icu_collator_data"
version = "1.4.0"
source = "registry+https://github.com/rust-lang/crates.io-index"
checksum = "39774016c5b9ad006941f3196fea83ade662d9167eb573111c8f4cc9593e2999"

[[package]]
name = "icu_collections"
version = "1.4.0"
source = "registry+https://github.com/rust-lang/crates.io-index"
checksum = "137d96353afc8544d437e8a99eceb10ab291352699573b0de5b08bda38c78c60"
dependencies = [
 "displaydoc",
 "yoke",
 "zerofrom",
 "zerovec",
]

[[package]]
name = "icu_compactdecimal"
version = "0.2.3"
source = "registry+https://github.com/rust-lang/crates.io-index"
checksum = "0d3c22da90659121ae1e38bd0fb378d15179c820f56a0c278032fb4eb5a0ca60"
dependencies = [
 "displaydoc",
 "fixed_decimal",
 "icu_compactdecimal_data",
 "icu_decimal",
 "icu_locid_transform",
 "icu_plurals",
 "icu_provider",
 "writeable",
 "zerovec",
]

[[package]]
name = "icu_compactdecimal_data"
version = "1.4.0"
source = "registry+https://github.com/rust-lang/crates.io-index"
checksum = "53eaf4902ee2e804f2583611722f6961fe85f31eab7ec790f47dde2d1cd494fb"

[[package]]
name = "icu_datetime"
version = "1.4.0"
source = "registry+https://github.com/rust-lang/crates.io-index"
checksum = "1508c7ed627cc0b031c81203eb98f34433e24b32b39d5b2c0238e4962a00957d"
dependencies = [
 "displaydoc",
 "either",
 "fixed_decimal",
 "icu_calendar",
 "icu_datetime_data",
 "icu_decimal",
 "icu_locid",
 "icu_locid_transform",
 "icu_plurals",
 "icu_provider",
 "icu_timezone",
 "smallvec",
 "tinystr",
 "writeable",
 "zerovec",
]

[[package]]
name = "icu_datetime_data"
version = "1.4.0"
source = "registry+https://github.com/rust-lang/crates.io-index"
checksum = "e6abc569cb4ee80b30707566f05c5c9ed4bed765f91ce41e7f5a37c5e6a75b3f"

[[package]]
name = "icu_decimal"
version = "1.4.0"
source = "registry+https://github.com/rust-lang/crates.io-index"
checksum = "dcf994f9ed8061c17bb313f28fba6cffc736f0a16c7fab827efc9b73fd3f7778"
dependencies = [
 "displaydoc",
 "fixed_decimal",
 "icu_decimal_data",
 "icu_locid",
 "icu_locid_transform",
 "icu_provider",
 "writeable",
]

[[package]]
name = "icu_decimal_data"
version = "1.4.0"
source = "registry+https://github.com/rust-lang/crates.io-index"
checksum = "df2de3548316b697c70f30dec1395c9212db09df1d86a27624ee24872b71326c"

[[package]]
name = "icu_displaynames"
version = "0.11.2"
source = "registry+https://github.com/rust-lang/crates.io-index"
checksum = "726c0d83ff52f05907275f39e5bb7949a92fa3d09538de60cf73ccf8ee89a613"
dependencies = [
 "icu_displaynames_data",
 "icu_locid",
 "icu_locid_transform",
 "icu_provider",
 "tinystr",
 "zerovec",
]

[[package]]
name = "icu_displaynames_data"
version = "1.4.0"
source = "registry+https://github.com/rust-lang/crates.io-index"
checksum = "af40e6b723e5e6d9359cf0bb4e4ed6dfb9d6ab16b73b5c82b61f947e88bb30f6"

[[package]]
name = "icu_list"
version = "1.4.0"
source = "registry+https://github.com/rust-lang/crates.io-index"
checksum = "fe6c04ec71ad1bacdbfb47164d4801f80a0533d9340f94f1a880f521eff59f54"
dependencies = [
 "displaydoc",
 "icu_list_data",
 "icu_locid_transform",
 "icu_provider",
 "regex-automata 0.2.0",
 "writeable",
]

[[package]]
name = "icu_list_data"
version = "1.4.0"
source = "registry+https://github.com/rust-lang/crates.io-index"
checksum = "42f6afcf7a9a7fedece70b7f17d7a7ecdfb8df145d37ae46d0277cd1e3932532"

[[package]]
name = "icu_locid"
version = "1.4.0"
source = "registry+https://github.com/rust-lang/crates.io-index"
checksum = "5c0aa2536adc14c07e2a521e95512b75ed8ef832f0fdf9299d4a0a45d2be2a9d"
dependencies = [
 "displaydoc",
 "litemap",
 "tinystr",
 "writeable",
 "zerovec",
]

[[package]]
name = "icu_locid_transform"
version = "1.4.0"
source = "registry+https://github.com/rust-lang/crates.io-index"
checksum = "57c17d8f6524fdca4471101dd71f0a132eb6382b5d6d7f2970441cb25f6f435a"
dependencies = [
 "displaydoc",
 "icu_locid",
 "icu_locid_transform_data",
 "icu_provider",
 "tinystr",
 "zerovec",
]

[[package]]
name = "icu_locid_transform_data"
version = "1.4.0"
source = "registry+https://github.com/rust-lang/crates.io-index"
checksum = "545c6c3e8bf9580e2dafee8de6f9ec14826aaf359787789c7724f1f85f47d3dc"

[[package]]
name = "icu_normalizer"
version = "1.4.1"
source = "registry+https://github.com/rust-lang/crates.io-index"
checksum = "c183e31ed700f1ecd6b032d104c52fe8b15d028956b73727c97ec176b170e187"
dependencies = [
 "displaydoc",
 "icu_collections",
 "icu_normalizer_data",
 "icu_properties",
 "icu_provider",
 "smallvec",
 "utf16_iter",
 "utf8_iter",
 "write16",
 "zerovec",
]

[[package]]
name = "icu_normalizer_data"
version = "1.4.0"
source = "registry+https://github.com/rust-lang/crates.io-index"
checksum = "22026918a80e6a9a330cb01b60f950e2b4e5284c59528fd0c6150076ef4c8522"

[[package]]
name = "icu_plurals"
version = "1.4.0"
source = "registry+https://github.com/rust-lang/crates.io-index"
checksum = "37d807b123eb2a9ae8f12080fb8cce479f5c8a761fba0bb5ab52da6dd5e31a03"
dependencies = [
 "displaydoc",
 "fixed_decimal",
 "icu_locid",
 "icu_locid_transform",
 "icu_plurals_data",
 "icu_provider",
 "zerovec",
]

[[package]]
name = "icu_plurals_data"
version = "1.4.0"
source = "registry+https://github.com/rust-lang/crates.io-index"
checksum = "c3acd5f1f2f988ed2dae9316c3d3560dfe4e03a7516d142b4b89b92252ada41a"

[[package]]
name = "icu_properties"
version = "1.4.0"
source = "registry+https://github.com/rust-lang/crates.io-index"
checksum = "976e296217453af983efa25f287a4c1da04b9a63bf1ed63719455068e4453eb5"
dependencies = [
 "displaydoc",
 "icu_collections",
 "icu_locid_transform",
 "icu_properties_data",
 "icu_provider",
 "tinystr",
 "zerovec",
]

[[package]]
name = "icu_properties_data"
version = "1.4.0"
source = "registry+https://github.com/rust-lang/crates.io-index"
checksum = "f6a86c0e384532b06b6c104814f9c1b13bcd5b64409001c0d05713a1f3529d99"

[[package]]
name = "icu_provider"
version = "1.4.0"
source = "registry+https://github.com/rust-lang/crates.io-index"
checksum = "ba58e782287eb6950247abbf11719f83f5d4e4a5c1f2cd490d30a334bc47c2f4"
dependencies = [
 "displaydoc",
 "icu_locid",
 "icu_provider_macros",
 "serde",
 "stable_deref_trait",
 "tinystr",
 "writeable",
 "yoke",
 "zerofrom",
 "zerovec",
]

[[package]]
name = "icu_provider_adapters"
version = "1.4.0"
source = "registry+https://github.com/rust-lang/crates.io-index"
checksum = "a229f978260da7c3aabb68cb7dc7316589936680570fe55e50fdd3f97711a4dd"
dependencies = [
 "icu_locid",
 "icu_locid_transform",
 "icu_provider",
 "tinystr",
 "zerovec",
]

[[package]]
name = "icu_provider_macros"
version = "1.4.0"
source = "registry+https://github.com/rust-lang/crates.io-index"
checksum = "d2abdd3a62551e8337af119c5899e600ca0c88ec8f23a46c60ba216c803dcf1a"
dependencies = [
 "proc-macro2",
 "quote",
 "syn",
]

[[package]]
name = "icu_relativetime"
version = "0.1.4"
source = "registry+https://github.com/rust-lang/crates.io-index"
checksum = "47825312a5eb0790bad7b718fa8d41a8ea1e0ba597b4f7bb84bcfe97d7fc5aba"
dependencies = [
 "displaydoc",
 "fixed_decimal",
 "icu_decimal",
 "icu_locid_transform",
 "icu_plurals",
 "icu_provider",
 "icu_relativetime_data",
 "writeable",
 "zerovec",
]

[[package]]
name = "icu_relativetime_data"
version = "1.4.0"
source = "registry+https://github.com/rust-lang/crates.io-index"
checksum = "05b55cc15ea8981fbba78e9347d0c4003d4490c85f76e9adc7f270290046cae8"

[[package]]
name = "icu_segmenter"
version = "1.4.0"
source = "registry+https://github.com/rust-lang/crates.io-index"
checksum = "b2dc1e8f4ba33a6a4956770ac5c08570f255d6605519fb3a859a0c0a270a2f8f"
dependencies = [
 "core_maths",
 "displaydoc",
 "icu_collections",
 "icu_locid",
 "icu_provider",
 "icu_segmenter_data",
 "utf8_iter",
 "zerovec",
]

[[package]]
name = "icu_segmenter_data"
version = "1.4.0"
source = "registry+https://github.com/rust-lang/crates.io-index"
checksum = "3673d6698dcffce08cfe8fc5da3c11c3f2c663d5d6137fd58ab2cbf44235ab46"

[[package]]
name = "icu_testdata"
version = "1.4.0"
source = "registry+https://github.com/rust-lang/crates.io-index"
checksum = "dc4520710205b662c6fd83d1f2b29efc0fc44e338e3fc586790e7b3ac965ccbc"
dependencies = [
 "icu_calendar",
 "icu_collator",
 "icu_collections",
 "icu_datetime",
 "icu_decimal",
 "icu_list",
 "icu_locid",
 "icu_locid_transform",
 "icu_normalizer",
 "icu_plurals",
 "icu_properties",
 "icu_provider",
 "icu_provider_adapters",
 "icu_segmenter",
 "icu_timezone",
 "zerotrie",
 "zerovec",
]

[[package]]
name = "icu_timezone"
version = "1.4.0"
source = "registry+https://github.com/rust-lang/crates.io-index"
checksum = "b35aabe571a7c653c0f543ff1512b8a1b2ad481cfa24b3d25115298d2ff3b50f"
dependencies = [
 "displaydoc",
 "icu_calendar",
 "icu_locid",
 "icu_provider",
 "icu_timezone_data",
 "tinystr",
 "zerotrie",
 "zerovec",
]

[[package]]
name = "icu_timezone_data"
version = "1.4.0"
source = "registry+https://github.com/rust-lang/crates.io-index"
checksum = "6ceee21e181cce2ab44e95923da6b3418df75369f570df82264c29c51ca398d4"

[[package]]
name = "indenter"
version = "0.3.3"
source = "registry+https://github.com/rust-lang/crates.io-index"
checksum = "ce23b50ad8242c51a442f3ff322d56b02f08852c77e4c0b4d3fd684abc89c683"

[[package]]
name = "insta"
version = "1.36.1"
source = "registry+https://github.com/rust-lang/crates.io-index"
checksum = "0a7c22c4d34ef4788c351e971c52bfdfe7ea2766f8c5466bc175dd46e52ac22e"
dependencies = [
 "console",
 "lazy_static",
 "linked-hash-map",
 "serde",
 "similar",
 "yaml-rust",
]

[[package]]
name = "is-terminal"
version = "0.4.12"
source = "registry+https://github.com/rust-lang/crates.io-index"
checksum = "f23ff5ef2b80d608d61efee834934d862cd92461afc0560dedf493e4c033738b"
dependencies = [
 "hermit-abi",
 "libc",
 "windows-sys 0.52.0",
]

[[package]]
name = "itertools"
version = "0.10.5"
source = "registry+https://github.com/rust-lang/crates.io-index"
checksum = "b0fd2260e829bddf4cb6ea802289de2f86d6a7a690192fbe91b3f46e0f2c8473"
dependencies = [
 "either",
]

[[package]]
name = "itertools"
version = "0.14.0"
source = "registry+https://github.com/rust-lang/crates.io-index"
checksum = "2b192c782037fadd9cfa75548310488aabdbf3d2da73885b31bd0abd03351285"
dependencies = [
 "either",
]

[[package]]
name = "itoa"
version = "1.0.11"
source = "registry+https://github.com/rust-lang/crates.io-index"
checksum = "49f1f14873335454500d59611f1cf4a4b0f786f9ac11f4312a78e4cf2566695b"

[[package]]
name = "jni"
version = "0.21.1"
source = "registry+https://github.com/rust-lang/crates.io-index"
checksum = "1a87aa2bb7d2af34197c04845522473242e1aa17c12f4935d5856491a7fb8c97"
dependencies = [
 "cesu8",
 "cfg-if",
 "combine",
 "jni-sys",
 "log",
 "thiserror",
 "walkdir",
 "windows-sys 0.45.0",
]

[[package]]
name = "jni-sys"
version = "0.3.0"
source = "registry+https://github.com/rust-lang/crates.io-index"
checksum = "8eaf4bc02d17cbdd7ff4c7438cafcdf7fb9a4613313ad11b4f8fefe7d3fa0130"

[[package]]
name = "js-sys"
version = "0.3.69"
source = "registry+https://github.com/rust-lang/crates.io-index"
checksum = "29c15563dc2726973df627357ce0c9ddddbea194836909d655df6a75d2cf296d"
dependencies = [
 "wasm-bindgen",
]

[[package]]
name = "lazy_static"
version = "1.5.0"
source = "registry+https://github.com/rust-lang/crates.io-index"
checksum = "bbd2bcb4c963f2ddae06a2efc7e9f3591312473c50c6685e1f298068316e66fe"

[[package]]
name = "libc"
version = "0.2.153"
source = "registry+https://github.com/rust-lang/crates.io-index"
checksum = "9c198f91728a82281a64e1f4f9eeb25d82cb32a5de251c6bd1b5154d63a8e7bd"

[[package]]
name = "libm"
version = "0.2.8"
source = "registry+https://github.com/rust-lang/crates.io-index"
checksum = "4ec2a862134d2a7d32d7983ddcdd1c4923530833c9f2ea1a44fc5fa473989058"

[[package]]
name = "linked-hash-map"
version = "0.5.6"
source = "registry+https://github.com/rust-lang/crates.io-index"
checksum = "0717cef1bc8b636c6e1c1bbdefc09e6322da8a9321966e8928ef80d20f7f770f"

[[package]]
name = "linux-raw-sys"
version = "0.4.13"
source = "registry+https://github.com/rust-lang/crates.io-index"
checksum = "01cda141df6706de531b6c46c3a33ecca755538219bd484262fa09410c13539c"

[[package]]
name = "litemap"
version = "0.7.2"
source = "registry+https://github.com/rust-lang/crates.io-index"
checksum = "f9d642685b028806386b2b6e75685faadd3eb65a85fff7df711ce18446a422da"

[[package]]
name = "log"
version = "0.4.21"
source = "registry+https://github.com/rust-lang/crates.io-index"
checksum = "90ed8c1e510134f979dbc4f070f87d4313098b704861a105fe34231c70a3901c"

[[package]]
name = "memchr"
version = "2.7.1"
source = "registry+https://github.com/rust-lang/crates.io-index"
checksum = "523dc4f511e55ab87b694dc30d0f820d60906ef06413f93d4d7a1385599cc149"

[[package]]
name = "mime"
version = "0.3.17"
source = "registry+https://github.com/rust-lang/crates.io-index"
checksum = "6877bb514081ee2a7ff5ef9de3281f14a4dd4bceac4c09388074a6b5df8a139a"

[[package]]
name = "mime_guess"
version = "2.0.4"
source = "registry+https://github.com/rust-lang/crates.io-index"
checksum = "4192263c238a5f0d0c6bfd21f336a313a4ce1c450542449ca191bb657b4642ef"
dependencies = [
 "mime",
 "unicase",
]

[[package]]
name = "minimal-lexical"
version = "0.2.1"
source = "registry+https://github.com/rust-lang/crates.io-index"
checksum = "68354c5c6bd36d73ff3feceb05efa59b6acb7626617f4962be322a825e61f79a"

[[package]]
name = "nom"
version = "7.1.3"
source = "registry+https://github.com/rust-lang/crates.io-index"
checksum = "d273983c5a657a70a3e8f2a01329822f3b8c8172b73826411a55751e404a0a4a"
dependencies = [
 "memchr",
 "minimal-lexical",
]

[[package]]
name = "num-traits"
version = "0.2.18"
source = "registry+https://github.com/rust-lang/crates.io-index"
checksum = "da0df0e5185db44f69b44f26786fe401b6c293d1907744beaa7fa62b2e5a517a"
dependencies = [
 "autocfg",
]

[[package]]
name = "once_cell"
version = "1.20.2"
source = "registry+https://github.com/rust-lang/crates.io-index"
checksum = "1261fe7e33c73b354eab43b1273a57c8f967d0391e80353e51f764ac02cf6775"

[[package]]
name = "oorandom"
version = "11.1.3"
source = "registry+https://github.com/rust-lang/crates.io-index"
checksum = "0ab1bc2a289d34bd04a330323ac98a1b4bc82c9d9fcb1e66b63caa84da26b575"

[[package]]
name = "percent-encoding"
version = "2.3.1"
source = "registry+https://github.com/rust-lang/crates.io-index"
checksum = "e3148f5046208a5d56bcfc03053e3ca6334e51da8dfb19b6cdc8b306fae3283e"

[[package]]
name = "plotters"
version = "0.3.6"
source = "registry+https://github.com/rust-lang/crates.io-index"
checksum = "a15b6eccb8484002195a3e44fe65a4ce8e93a625797a063735536fd59cb01cf3"
dependencies = [
 "num-traits",
 "plotters-backend",
 "plotters-svg",
 "wasm-bindgen",
 "web-sys",
]

[[package]]
name = "plotters-backend"
version = "0.3.6"
source = "registry+https://github.com/rust-lang/crates.io-index"
checksum = "414cec62c6634ae900ea1c56128dfe87cf63e7caece0852ec76aba307cebadb7"

[[package]]
name = "plotters-svg"
version = "0.3.6"
source = "registry+https://github.com/rust-lang/crates.io-index"
checksum = "81b30686a7d9c3e010b84284bdd26a29f2138574f52f5eb6f794fc0ad924e705"
dependencies = [
 "plotters-backend",
]

[[package]]
name = "proc-macro2"
version = "1.0.79"
source = "registry+https://github.com/rust-lang/crates.io-index"
checksum = "e835ff2298f5721608eb1a980ecaee1aef2c132bf95ecc026a11b7bf3c01c02e"
dependencies = [
 "unicode-ident",
]

[[package]]
name = "pulldown-cmark"
version = "0.11.2"
source = "registry+https://github.com/rust-lang/crates.io-index"
checksum = "cb4e75767fbc9d92b90e4d0c011f61358cde9513b31ef07ea3631b15ffc3b4fd"
dependencies = [
 "bitflags",
 "getopts",
 "memchr",
 "pulldown-cmark-escape",
 "unicase",
]

[[package]]
name = "pulldown-cmark-escape"
version = "0.11.0"
source = "registry+https://github.com/rust-lang/crates.io-index"
checksum = "007d8adb5ddab6f8e3f491ac63566a7d5002cc7ed73901f72057943fa71ae1ae"

[[package]]
name = "quote"
version = "1.0.35"
source = "registry+https://github.com/rust-lang/crates.io-index"
checksum = "291ec9ab5efd934aaf503a6466c5d5251535d108ee747472c3977cc5acc868ef"
dependencies = [
 "proc-macro2",
]

[[package]]
name = "rayon"
version = "1.10.0"
source = "registry+https://github.com/rust-lang/crates.io-index"
checksum = "b418a60154510ca1a002a752ca9714984e21e4241e804d32555251faf8b78ffa"
dependencies = [
 "either",
 "rayon-core",
]

[[package]]
name = "rayon-core"
version = "1.12.1"
source = "registry+https://github.com/rust-lang/crates.io-index"
checksum = "1465873a3dfdaa8ae7cb14b4383657caab0b3e8a0aa9ae8e04b044854c8dfce2"
dependencies = [
 "crossbeam-deque",
 "crossbeam-utils",
]

[[package]]
name = "regex"
version = "1.10.5"
source = "registry+https://github.com/rust-lang/crates.io-index"
checksum = "b91213439dad192326a0d7c6ee3955910425f441d7038e0d6933b0aec5c4517f"
dependencies = [
 "aho-corasick",
 "memchr",
 "regex-automata 0.4.7",
 "regex-syntax",
]

[[package]]
name = "regex-automata"
version = "0.2.0"
source = "registry+https://github.com/rust-lang/crates.io-index"
checksum = "e9368763f5a9b804326f3af749e16f9abf378d227bcdee7634b13d8f17793782"
dependencies = [
 "memchr",
]

[[package]]
name = "regex-automata"
version = "0.4.7"
source = "registry+https://github.com/rust-lang/crates.io-index"
checksum = "38caf58cc5ef2fed281f89292ef23f6365465ed9a41b7a7754eb4e26496c92df"
dependencies = [
 "aho-corasick",
 "memchr",
 "regex-syntax",
]

[[package]]
name = "regex-syntax"
version = "0.8.4"
source = "registry+https://github.com/rust-lang/crates.io-index"
checksum = "7a66a03ae7c801facd77a29370b4faec201768915ac14a721ba36f20bc9c209b"

[[package]]
name = "rustix"
version = "0.38.32"
source = "registry+https://github.com/rust-lang/crates.io-index"
checksum = "65e04861e65f21776e67888bfbea442b3642beaa0138fdb1dd7a84a52dffdb89"
dependencies = [
 "bitflags",
 "errno",
 "libc",
 "linux-raw-sys",
 "windows-sys 0.52.0",
]

[[package]]
name = "ryu"
version = "1.0.18"
source = "registry+https://github.com/rust-lang/crates.io-index"
checksum = "f3cb5ba0dc43242ce17de99c180e96db90b235b8a9fdc9543c96d2209116bd9f"

[[package]]
name = "same-file"
version = "1.0.6"
source = "registry+https://github.com/rust-lang/crates.io-index"
checksum = "93fc1dc3aaa9bfed95e02e6eadabb4baf7e3078b0bd1b4d7b6b0b68378900502"
dependencies = [
 "winapi-util",
]

[[package]]
name = "serde"
version = "1.0.197"
source = "registry+https://github.com/rust-lang/crates.io-index"
checksum = "3fb1c873e1b9b056a4dc4c0c198b24c3ffa059243875552b2bd0933b1aee4ce2"
dependencies = [
 "serde_derive",
]

[[package]]
name = "serde_derive"
version = "1.0.197"
source = "registry+https://github.com/rust-lang/crates.io-index"
checksum = "7eb0b34b42edc17f6b7cac84a52a1c5f0e1bb2227e997ca9011ea3dd34e8610b"
dependencies = [
 "proc-macro2",
 "quote",
 "syn",
]

[[package]]
name = "serde_json"
version = "1.0.117"
source = "registry+https://github.com/rust-lang/crates.io-index"
checksum = "455182ea6142b14f93f4bc5320a2b31c1f266b66a4a5c858b013302a5d8cbfc3"
dependencies = [
 "itoa",
 "ryu",
 "serde",
]

[[package]]
name = "similar"
version = "2.4.0"
source = "registry+https://github.com/rust-lang/crates.io-index"
checksum = "32fea41aca09ee824cc9724996433064c89f7777e60762749a4170a14abbfa21"

[[package]]
name = "smallvec"
version = "1.13.2"
source = "registry+https://github.com/rust-lang/crates.io-index"
checksum = "3c5e1a9a646d36c3599cd173a41282daf47c44583ad367b8e6837255952e5c67"

[[package]]
name = "stable_deref_trait"
version = "1.2.0"
source = "registry+https://github.com/rust-lang/crates.io-index"
checksum = "a8f112729512f8e442d81f95a8a7ddf2b7c6b8a1a6f509a95864142b30cab2d3"

[[package]]
name = "strck"
version = "1.0.0"
source = "registry+https://github.com/rust-lang/crates.io-index"
checksum = "42316e70da376f3d113a68d138a60d8a9883c604fe97942721ec2068dab13a9f"
dependencies = [
 "unicode-ident",
]

[[package]]
name = "strsim"
version = "0.10.0"
source = "registry+https://github.com/rust-lang/crates.io-index"
checksum = "73473c0e59e6d5812c5dfe2a064a6444949f089e20eec9a2e5506596494e4623"

[[package]]
name = "syn"
version = "2.0.55"
source = "registry+https://github.com/rust-lang/crates.io-index"
checksum = "002a1b3dbf967edfafc32655d0f377ab0bb7b994aa1d32c8cc7e9b8bf3ebb8f0"
dependencies = [
 "proc-macro2",
 "quote",
 "unicode-ident",
]

[[package]]
name = "syn-inline-mod"
version = "0.6.0"
source = "registry+https://github.com/rust-lang/crates.io-index"
checksum = "2fa6dca1fdb7b2ed46dd534a326725419d4fb10f23d8c85a8b2860e5eb25d0f9"
dependencies = [
 "proc-macro2",
 "syn",
]

[[package]]
name = "synstructure"
version = "0.13.1"
source = "registry+https://github.com/rust-lang/crates.io-index"
checksum = "c8af7666ab7b6390ab78131fb5b0fce11d6b7a6951602017c35fa82800708971"
dependencies = [
 "proc-macro2",
 "quote",
 "syn",
]

[[package]]
name = "tempfile"
version = "3.10.1"
source = "registry+https://github.com/rust-lang/crates.io-index"
checksum = "85b77fafb263dd9d05cbeac119526425676db3784113aa9295c88498cbf8bff1"
dependencies = [
 "cfg-if",
 "fastrand",
 "rustix",
 "windows-sys 0.52.0",
]

[[package]]
name = "thiserror"
version = "1.0.63"
source = "registry+https://github.com/rust-lang/crates.io-index"
checksum = "c0342370b38b6a11b6cc11d6a805569958d54cfa061a29969c3b5ce2ea405724"
dependencies = [
 "thiserror-impl",
]

[[package]]
name = "thiserror-impl"
version = "1.0.63"
source = "registry+https://github.com/rust-lang/crates.io-index"
checksum = "a4558b58466b9ad7ca0f102865eccc95938dca1a74a856f2b57b6629050da261"
dependencies = [
 "proc-macro2",
 "quote",
 "syn",
]

[[package]]
name = "tinystr"
version = "0.7.5"
source = "registry+https://github.com/rust-lang/crates.io-index"
checksum = "83c02bf3c538ab32ba913408224323915f4ef9a6d61c0e85d493f355921c0ece"
dependencies = [
 "displaydoc",
 "zerovec",
]

[[package]]
name = "tinytemplate"
version = "1.2.1"
source = "registry+https://github.com/rust-lang/crates.io-index"
checksum = "be4d6b5f19ff7664e8c98d03e2139cb510db9b0a60b55f8e8709b689d939b6bc"
dependencies = [
 "serde",
 "serde_json",
]

[[package]]
name = "toml"
version = "0.5.11"
source = "registry+https://github.com/rust-lang/crates.io-index"
checksum = "f4f7f0dd8d50a853a531c426359045b1998f04219d88799810762cd4ad314234"
dependencies = [
 "serde",
]

[[package]]
name = "unicase"
version = "2.7.0"
source = "registry+https://github.com/rust-lang/crates.io-index"
checksum = "f7d2d4dafb69621809a81864c9c1b864479e1235c0dd4e199924b9742439ed89"
dependencies = [
 "version_check",
]

[[package]]
name = "unicode-ident"
version = "1.0.12"
source = "registry+https://github.com/rust-lang/crates.io-index"
checksum = "3354b9ac3fae1ff6755cb6db53683adb661634f67557942dea4facebec0fee4b"

[[package]]
name = "unicode-width"
version = "0.1.11"
source = "registry+https://github.com/rust-lang/crates.io-index"
checksum = "e51733f11c9c4f72aa0c160008246859e340b00807569a0da0e7a1079b27ba85"

[[package]]
name = "utf16_iter"
version = "1.0.5"
source = "registry+https://github.com/rust-lang/crates.io-index"
checksum = "c8232dd3cdaed5356e0f716d285e4b40b932ac434100fe9b7e0e8e935b9e6246"

[[package]]
name = "utf8_iter"
version = "1.0.4"
source = "registry+https://github.com/rust-lang/crates.io-index"
checksum = "b6c140620e7ffbb22c2dee59cafe6084a59b5ffc27a8859a5f0d494b5d52b6be"

[[package]]
name = "utf8parse"
version = "0.2.1"
source = "registry+https://github.com/rust-lang/crates.io-index"
checksum = "711b9620af191e0cdc7468a8d14e709c3dcdb115b36f838e601583af800a370a"

[[package]]
name = "version_check"
version = "0.9.4"
source = "registry+https://github.com/rust-lang/crates.io-index"
checksum = "49874b5167b65d7193b8aba1567f5c7d93d001cafc34600cee003eda787e483f"

[[package]]
name = "walkdir"
version = "2.5.0"
source = "registry+https://github.com/rust-lang/crates.io-index"
checksum = "29790946404f91d9c5d06f9874efddea1dc06c5efe94541a7d6863108e3a5e4b"
dependencies = [
 "same-file",
 "winapi-util",
]

[[package]]
name = "wasm-bindgen"
version = "0.2.92"
source = "registry+https://github.com/rust-lang/crates.io-index"
checksum = "4be2531df63900aeb2bca0daaaddec08491ee64ceecbee5076636a3b026795a8"
dependencies = [
 "cfg-if",
 "wasm-bindgen-macro",
]

[[package]]
name = "wasm-bindgen-backend"
version = "0.2.92"
source = "registry+https://github.com/rust-lang/crates.io-index"
checksum = "614d787b966d3989fa7bb98a654e369c762374fd3213d212cfc0251257e747da"
dependencies = [
 "bumpalo",
 "log",
 "once_cell",
 "proc-macro2",
 "quote",
 "syn",
 "wasm-bindgen-shared",
]

[[package]]
name = "wasm-bindgen-macro"
version = "0.2.92"
source = "registry+https://github.com/rust-lang/crates.io-index"
checksum = "a1f8823de937b71b9460c0c34e25f3da88250760bec0ebac694b49997550d726"
dependencies = [
 "quote",
 "wasm-bindgen-macro-support",
]

[[package]]
name = "wasm-bindgen-macro-support"
version = "0.2.92"
source = "registry+https://github.com/rust-lang/crates.io-index"
checksum = "e94f17b526d0a461a191c78ea52bbce64071ed5c04c9ffe424dcb38f74171bb7"
dependencies = [
 "proc-macro2",
 "quote",
 "syn",
 "wasm-bindgen-backend",
 "wasm-bindgen-shared",
]

[[package]]
name = "wasm-bindgen-shared"
version = "0.2.92"
source = "registry+https://github.com/rust-lang/crates.io-index"
checksum = "af190c94f2773fdb3729c55b007a722abb5384da03bc0986df4c289bf5567e96"

[[package]]
name = "web-sys"
version = "0.3.69"
source = "registry+https://github.com/rust-lang/crates.io-index"
checksum = "77afa9a11836342370f4817622a2f0f418b134426d91a82dfb48f532d2ec13ef"
dependencies = [
 "js-sys",
 "wasm-bindgen",
]

[[package]]
name = "winapi-util"
version = "0.1.8"
source = "registry+https://github.com/rust-lang/crates.io-index"
checksum = "4d4cc384e1e73b93bafa6fb4f1df8c41695c8a91cf9c4c64358067d15a7b6c6b"
dependencies = [
 "windows-sys 0.52.0",
]

[[package]]
name = "windows-sys"
version = "0.45.0"
source = "registry+https://github.com/rust-lang/crates.io-index"
checksum = "75283be5efb2831d37ea142365f009c02ec203cd29a3ebecbc093d52315b66d0"
dependencies = [
 "windows-targets 0.42.2",
]

[[package]]
name = "windows-sys"
version = "0.48.0"
source = "registry+https://github.com/rust-lang/crates.io-index"
checksum = "677d2418bec65e3338edb076e806bc1ec15693c5d0104683f2efe857f61056a9"
dependencies = [
 "windows-targets 0.48.5",
]

[[package]]
name = "windows-sys"
version = "0.52.0"
source = "registry+https://github.com/rust-lang/crates.io-index"
checksum = "282be5f36a8ce781fad8c8ae18fa3f9beff57ec1b52cb3de0789201425d9a33d"
dependencies = [
 "windows-targets 0.52.4",
]

[[package]]
name = "windows-targets"
version = "0.42.2"
source = "registry+https://github.com/rust-lang/crates.io-index"
checksum = "8e5180c00cd44c9b1c88adb3693291f1cd93605ded80c250a75d472756b4d071"
dependencies = [
 "windows_aarch64_gnullvm 0.42.2",
 "windows_aarch64_msvc 0.42.2",
 "windows_i686_gnu 0.42.2",
 "windows_i686_msvc 0.42.2",
 "windows_x86_64_gnu 0.42.2",
 "windows_x86_64_gnullvm 0.42.2",
 "windows_x86_64_msvc 0.42.2",
]

[[package]]
name = "windows-targets"
version = "0.48.5"
source = "registry+https://github.com/rust-lang/crates.io-index"
checksum = "9a2fa6e2155d7247be68c096456083145c183cbbbc2764150dda45a87197940c"
dependencies = [
 "windows_aarch64_gnullvm 0.48.5",
 "windows_aarch64_msvc 0.48.5",
 "windows_i686_gnu 0.48.5",
 "windows_i686_msvc 0.48.5",
 "windows_x86_64_gnu 0.48.5",
 "windows_x86_64_gnullvm 0.48.5",
 "windows_x86_64_msvc 0.48.5",
]

[[package]]
name = "windows-targets"
version = "0.52.4"
source = "registry+https://github.com/rust-lang/crates.io-index"
checksum = "7dd37b7e5ab9018759f893a1952c9420d060016fc19a472b4bb20d1bdd694d1b"
dependencies = [
 "windows_aarch64_gnullvm 0.52.4",
 "windows_aarch64_msvc 0.52.4",
 "windows_i686_gnu 0.52.4",
 "windows_i686_msvc 0.52.4",
 "windows_x86_64_gnu 0.52.4",
 "windows_x86_64_gnullvm 0.52.4",
 "windows_x86_64_msvc 0.52.4",
]

[[package]]
name = "windows_aarch64_gnullvm"
version = "0.42.2"
source = "registry+https://github.com/rust-lang/crates.io-index"
checksum = "597a5118570b68bc08d8d59125332c54f1ba9d9adeedeef5b99b02ba2b0698f8"

[[package]]
name = "windows_aarch64_gnullvm"
version = "0.48.5"
source = "registry+https://github.com/rust-lang/crates.io-index"
checksum = "2b38e32f0abccf9987a4e3079dfb67dcd799fb61361e53e2882c3cbaf0d905d8"

[[package]]
name = "windows_aarch64_gnullvm"
version = "0.52.4"
source = "registry+https://github.com/rust-lang/crates.io-index"
checksum = "bcf46cf4c365c6f2d1cc93ce535f2c8b244591df96ceee75d8e83deb70a9cac9"

[[package]]
name = "windows_aarch64_msvc"
version = "0.42.2"
source = "registry+https://github.com/rust-lang/crates.io-index"
checksum = "e08e8864a60f06ef0d0ff4ba04124db8b0fb3be5776a5cd47641e942e58c4d43"

[[package]]
name = "windows_aarch64_msvc"
version = "0.48.5"
source = "registry+https://github.com/rust-lang/crates.io-index"
checksum = "dc35310971f3b2dbbf3f0690a219f40e2d9afcf64f9ab7cc1be722937c26b4bc"

[[package]]
name = "windows_aarch64_msvc"
version = "0.52.4"
source = "registry+https://github.com/rust-lang/crates.io-index"
checksum = "da9f259dd3bcf6990b55bffd094c4f7235817ba4ceebde8e6d11cd0c5633b675"

[[package]]
name = "windows_i686_gnu"
version = "0.42.2"
source = "registry+https://github.com/rust-lang/crates.io-index"
checksum = "c61d927d8da41da96a81f029489353e68739737d3beca43145c8afec9a31a84f"

[[package]]
name = "windows_i686_gnu"
version = "0.48.5"
source = "registry+https://github.com/rust-lang/crates.io-index"
checksum = "a75915e7def60c94dcef72200b9a8e58e5091744960da64ec734a6c6e9b3743e"

[[package]]
name = "windows_i686_gnu"
version = "0.52.4"
source = "registry+https://github.com/rust-lang/crates.io-index"
checksum = "b474d8268f99e0995f25b9f095bc7434632601028cf86590aea5c8a5cb7801d3"

[[package]]
name = "windows_i686_msvc"
version = "0.42.2"
source = "registry+https://github.com/rust-lang/crates.io-index"
checksum = "44d840b6ec649f480a41c8d80f9c65108b92d89345dd94027bfe06ac444d1060"

[[package]]
name = "windows_i686_msvc"
version = "0.48.5"
source = "registry+https://github.com/rust-lang/crates.io-index"
checksum = "8f55c233f70c4b27f66c523580f78f1004e8b5a8b659e05a4eb49d4166cca406"

[[package]]
name = "windows_i686_msvc"
version = "0.52.4"
source = "registry+https://github.com/rust-lang/crates.io-index"
checksum = "1515e9a29e5bed743cb4415a9ecf5dfca648ce85ee42e15873c3cd8610ff8e02"

[[package]]
name = "windows_x86_64_gnu"
version = "0.42.2"
source = "registry+https://github.com/rust-lang/crates.io-index"
checksum = "8de912b8b8feb55c064867cf047dda097f92d51efad5b491dfb98f6bbb70cb36"

[[package]]
name = "windows_x86_64_gnu"
version = "0.48.5"
source = "registry+https://github.com/rust-lang/crates.io-index"
checksum = "53d40abd2583d23e4718fddf1ebec84dbff8381c07cae67ff7768bbf19c6718e"

[[package]]
name = "windows_x86_64_gnu"
version = "0.52.4"
source = "registry+https://github.com/rust-lang/crates.io-index"
checksum = "5eee091590e89cc02ad514ffe3ead9eb6b660aedca2183455434b93546371a03"

[[package]]
name = "windows_x86_64_gnullvm"
version = "0.42.2"
source = "registry+https://github.com/rust-lang/crates.io-index"
checksum = "26d41b46a36d453748aedef1486d5c7a85db22e56aff34643984ea85514e94a3"

[[package]]
name = "windows_x86_64_gnullvm"
version = "0.48.5"
source = "registry+https://github.com/rust-lang/crates.io-index"
checksum = "0b7b52767868a23d5bab768e390dc5f5c55825b6d30b86c844ff2dc7414044cc"

[[package]]
name = "windows_x86_64_gnullvm"
version = "0.52.4"
source = "registry+https://github.com/rust-lang/crates.io-index"
checksum = "77ca79f2451b49fa9e2af39f0747fe999fcda4f5e241b2898624dca97a1f2177"

[[package]]
name = "windows_x86_64_msvc"
version = "0.42.2"
source = "registry+https://github.com/rust-lang/crates.io-index"
checksum = "9aec5da331524158c6d1a4ac0ab1541149c0b9505fde06423b02f5ef0106b9f0"

[[package]]
name = "windows_x86_64_msvc"
version = "0.48.5"
source = "registry+https://github.com/rust-lang/crates.io-index"
checksum = "ed94fce61571a4006852b7389a063ab983c02eb1bb37b47f8272ce92d06d9538"

[[package]]
name = "windows_x86_64_msvc"
version = "0.52.4"
source = "registry+https://github.com/rust-lang/crates.io-index"
checksum = "32b752e52a2da0ddfbdbcc6fceadfeede4c939ed16d13e648833a61dfb611ed8"

[[package]]
name = "write16"
version = "1.0.0"
source = "registry+https://github.com/rust-lang/crates.io-index"
checksum = "d1890f4022759daae28ed4fe62859b1236caebfc61ede2f63ed4e695f3f6d936"

[[package]]
name = "writeable"
version = "0.5.4"
source = "registry+https://github.com/rust-lang/crates.io-index"
checksum = "dad7bb64b8ef9c0aa27b6da38b452b0ee9fd82beaf276a87dd796fb55cbae14e"

[[package]]
name = "yaml-rust"
version = "0.4.5"
source = "registry+https://github.com/rust-lang/crates.io-index"
checksum = "56c1936c4cc7a1c9ab21a1ebb602eb942ba868cbd44a99cb7cdc5892335e1c85"
dependencies = [
 "linked-hash-map",
]

[[package]]
name = "yoke"
version = "0.7.3"
source = "registry+https://github.com/rust-lang/crates.io-index"
checksum = "65e71b2e4f287f467794c671e2b8f8a5f3716b3c829079a1c44740148eff07e4"
dependencies = [
 "serde",
 "stable_deref_trait",
 "yoke-derive",
 "zerofrom",
]

[[package]]
name = "yoke-derive"
version = "0.7.3"
source = "registry+https://github.com/rust-lang/crates.io-index"
checksum = "9e6936f0cce458098a201c245a11bef556c6a0181129c7034d10d76d1ec3a2b8"
dependencies = [
 "proc-macro2",
 "quote",
 "syn",
 "synstructure",
]

[[package]]
name = "zerofrom"
version = "0.1.3"
source = "registry+https://github.com/rust-lang/crates.io-index"
checksum = "655b0814c5c0b19ade497851070c640773304939a6c0fd5f5fb43da0696d05b7"
dependencies = [
 "zerofrom-derive",
]

[[package]]
name = "zerofrom-derive"
version = "0.1.3"
source = "registry+https://github.com/rust-lang/crates.io-index"
checksum = "e6a647510471d372f2e6c2e6b7219e44d8c574d24fdc11c610a61455782f18c3"
dependencies = [
 "proc-macro2",
 "quote",
 "syn",
 "synstructure",
]

[[package]]
name = "zerotrie"
version = "0.1.2"
source = "registry+https://github.com/rust-lang/crates.io-index"
checksum = "d0594125a0574fb93059c92c588ab209cc036a23d1baeb3410fa9181bea551a0"
dependencies = [
 "displaydoc",
 "yoke",
 "zerofrom",
]

[[package]]
name = "zerovec"
version = "0.10.1"
source = "registry+https://github.com/rust-lang/crates.io-index"
checksum = "eff4439ae91fb5c72b8abc12f3f2dbf51bd27e6eadb9f8a5bc8898dddb0e27ea"
dependencies = [
 "yoke",
 "zerofrom",
 "zerovec-derive",
]

[[package]]
name = "zerovec-derive"
version = "0.10.1"
source = "registry+https://github.com/rust-lang/crates.io-index"
checksum = "7b4e5997cbf58990550ef1f0e5124a05e47e1ebd33a84af25739be6031a62c20"
dependencies = [
 "proc-macro2",
 "quote",
 "syn",
]
