# This file is automatically @generated by Cargo.
# It is not intended for manual editing.
version = 3

[[package]]
name = "console"
version = "0.14.1"
source = "registry+https://github.com/rust-lang/crates.io-index"
checksum = "3993e6445baa160675931ec041a5e03ca84b9c6e32a056150d3aa2bdda0a1f45"
dependencies = [
 "encode_unicode",
 "lazy_static",
 "libc",
 "terminal_size",
 "winapi",
]

[[package]]
name = "diplomat"
version = "0.1.0"
dependencies = [
 "diplomat_core",
 "proc-macro2",
 "quote",
 "syn",
]

[[package]]
name = "diplomat-tool"
version = "0.1.0"
dependencies = [
 "diplomat_core",
 "indenter",
 "indoc",
 "quote",
 "syn",
 "syn-inline-mod",
]

[[package]]
name = "diplomat_core"
version = "0.1.0"
dependencies = [
 "impls",
 "insta",
 "lazy_static",
 "proc-macro2",
 "quote",
 "serde",
 "syn",
]

[[package]]
name = "dtoa"
version = "0.4.8"
source = "registry+https://github.com/rust-lang/crates.io-index"
checksum = "56899898ce76aaf4a0f24d914c97ea6ed976d42fec6ad33fcbb0a1103e07b2b0"

[[package]]
name = "encode_unicode"
version = "0.3.6"
source = "registry+https://github.com/rust-lang/crates.io-index"
checksum = "a357d28ed41a50f9c765dbfe56cbc04a64e53e5fc58ba79fbc34c10ef3df831f"

[[package]]
name = "example"
version = "0.1.0"
dependencies = [
 "diplomat",
 "fixed_decimal",
 "icu",
]

[[package]]
name = "fixed_decimal"
version = "0.2.0"
source = "registry+https://github.com/rust-lang/crates.io-index"
checksum = "d924e075ebe6f312b054999cf95a65be4c8909d4e01de6fd79a3d7635578f922"
dependencies = [
 "smallvec",
 "static_assertions",
 "writeable",
]

[[package]]
name = "icu"
version = "0.2.0"
source = "registry+https://github.com/rust-lang/crates.io-index"
checksum = "b2f37b4dbbe4728b29f7d53eed90247d6048b9e2e141e45c4ea92e45dc553855"
dependencies = [
 "icu_datetime",
 "icu_decimal",
 "icu_locale_canonicalizer",
 "icu_locid",
 "icu_locid_macros",
 "icu_plurals",
 "icu_uniset",
]

[[package]]
name = "icu_datetime"
version = "0.2.0"
source = "registry+https://github.com/rust-lang/crates.io-index"
checksum = "0f64fb1ca0a9b6cb19c1ccf994723897f2b1b1f18b66ced4228260c5a3691741"
dependencies = [
 "icu_locid",
 "icu_provider",
 "litemap",
 "serde",
 "smallvec",
 "tinystr",
 "writeable",
]

[[package]]
name = "icu_decimal"
version = "0.2.0"
source = "registry+https://github.com/rust-lang/crates.io-index"
checksum = "8663e801ae5419324da6340501425dbe5a61f02a9d61f13bb11c1e933cbc6d7a"
dependencies = [
 "fixed_decimal",
 "icu_locid",
 "icu_provider",
 "serde",
 "smallstr",
 "thiserror",
 "writeable",
]

[[package]]
name = "icu_locale_canonicalizer"
version = "0.2.0"
source = "registry+https://github.com/rust-lang/crates.io-index"
checksum = "d09a1cd2074331eb898b6119e0595f1192463c0ec86d5bf2ca933168da930033"
dependencies = [
 "icu_locid",
 "icu_provider",
 "serde",
 "tinystr",
]

[[package]]
name = "icu_locid"
version = "0.2.0"
source = "registry+https://github.com/rust-lang/crates.io-index"
checksum = "ca503e7bda94c1d5b1e8db381d38df68968858a7170920a1f984bec2f5ed58ed"
dependencies = [
 "serde",
 "tinystr",
 "writeable",
]

[[package]]
name = "icu_locid_macros"
version = "0.2.0"
source = "registry+https://github.com/rust-lang/crates.io-index"
checksum = "b3cfa8b9e960f7a038c770b969f1c18c7b4901bea592a8817c1f27cd07a83d11"
dependencies = [
 "icu_locid",
 "proc-macro-crate",
 "tinystr",
]

[[package]]
name = "icu_plurals"
version = "0.2.0"
source = "registry+https://github.com/rust-lang/crates.io-index"
checksum = "cbefdae19f170656f9428f1ad98bc43e990c09440ab159ad4a8abec2b038d12a"
dependencies = [
 "fixed_decimal",
 "icu_locid",
 "icu_provider",
 "serde",
]

[[package]]
name = "icu_provider"
version = "0.2.0"
source = "registry+https://github.com/rust-lang/crates.io-index"
checksum = "9770e0790656875ae1f43f5f4d827c18319d195a860fe41ad436b5f60dfcd58d"
dependencies = [
 "icu_locid",
 "tinystr",
 "writeable",
]

[[package]]
name = "icu_uniset"
version = "0.2.0"
source = "registry+https://github.com/rust-lang/crates.io-index"
checksum = "66753c612c5cbcd09acefa19ad8c33255a86252dc140067e6b9912f36449c2b5"
dependencies = [
 "icu_provider",
 "litemap",
 "serde",
 "tinystr",
]

[[package]]
name = "impls"
version = "1.0.3"
source = "registry+https://github.com/rust-lang/crates.io-index"
checksum = "7a46645bbd70538861a90d0f26c31537cdf1e44aae99a794fb75a664b70951bc"

[[package]]
name = "indenter"
version = "0.3.3"
source = "registry+https://github.com/rust-lang/crates.io-index"
checksum = "ce23b50ad8242c51a442f3ff322d56b02f08852c77e4c0b4d3fd684abc89c683"

[[package]]
name = "indoc"
version = "1.0.3"
source = "registry+https://github.com/rust-lang/crates.io-index"
checksum = "e5a75aeaaef0ce18b58056d306c27b07436fbb34b8816c53094b76dd81803136"
dependencies = [
 "unindent",
]

[[package]]
name = "insta"
version = "1.7.1"
source = "registry+https://github.com/rust-lang/crates.io-index"
checksum = "c4a1b21a2971cea49ca4613c0e9fe8225ecaf5de64090fddc6002284726e9244"
dependencies = [
 "console",
 "lazy_static",
 "serde",
 "serde_json",
 "serde_yaml",
 "similar",
 "uuid",
]

[[package]]
name = "itoa"
version = "0.4.7"
source = "registry+https://github.com/rust-lang/crates.io-index"
checksum = "dd25036021b0de88a0aff6b850051563c6516d0bf53f8638938edbb9de732736"

[[package]]
name = "lazy_static"
version = "1.4.0"
source = "registry+https://github.com/rust-lang/crates.io-index"
checksum = "e2abad23fbc42b3700f2f279844dc832adb2b2eb069b2df918f455c4e18cc646"

[[package]]
name = "libc"
version = "0.2.97"
source = "registry+https://github.com/rust-lang/crates.io-index"
checksum = "12b8adadd720df158f4d70dfe7ccc6adb0472d7c55ca83445f6a5ab3e36f8fb6"

[[package]]
name = "linked-hash-map"
version = "0.5.4"
source = "registry+https://github.com/rust-lang/crates.io-index"
checksum = "7fb9b38af92608140b86b693604b9ffcc5824240a484d1ecd4795bacb2fe88f3"

[[package]]
name = "litemap"
version = "0.2.0"
source = "registry+https://github.com/rust-lang/crates.io-index"
checksum = "c6d16bbd194e65cc79a619550f17668b972975f7023bd767e4d2925f81b73a69"
dependencies = [
 "serde",
]

[[package]]
name = "proc-macro-crate"
version = "1.0.0"
source = "registry+https://github.com/rust-lang/crates.io-index"
checksum = "41fdbd1df62156fbc5945f4762632564d7d038153091c3fcf1067f6aef7cff92"
dependencies = [
 "thiserror",
 "toml",
]

[[package]]
name = "proc-macro2"
version = "1.0.27"
source = "registry+https://github.com/rust-lang/crates.io-index"
checksum = "f0d8caf72986c1a598726adc988bb5984792ef84f5ee5aa50209145ee8077038"
dependencies = [
 "unicode-xid",
]

[[package]]
name = "quote"
version = "1.0.9"
source = "registry+https://github.com/rust-lang/crates.io-index"
checksum = "c3d0b9745dc2debf507c8422de05d7226cc1f0644216dfdfead988f9b1ab32a7"
dependencies = [
 "proc-macro2",
]

[[package]]
name = "ryu"
version = "1.0.5"
source = "registry+https://github.com/rust-lang/crates.io-index"
checksum = "71d301d4193d031abdd79ff7e3dd721168a9572ef3fe51a1517aba235bd8f86e"

[[package]]
name = "serde"
version = "1.0.126"
source = "registry+https://github.com/rust-lang/crates.io-index"
checksum = "ec7505abeacaec74ae4778d9d9328fe5a5d04253220a85c4ee022239fc996d03"
dependencies = [
 "serde_derive",
]

[[package]]
name = "serde_derive"
version = "1.0.126"
source = "registry+https://github.com/rust-lang/crates.io-index"
checksum = "963a7dbc9895aeac7ac90e74f34a5d5261828f79df35cbed41e10189d3804d43"
dependencies = [
 "proc-macro2",
 "quote",
 "syn",
]

[[package]]
name = "serde_json"
version = "1.0.64"
source = "registry+https://github.com/rust-lang/crates.io-index"
checksum = "799e97dc9fdae36a5c8b8f2cae9ce2ee9fdce2058c57a93e6099d919fd982f79"
dependencies = [
 "itoa",
 "ryu",
 "serde",
]

[[package]]
name = "serde_yaml"
version = "0.8.17"
source = "registry+https://github.com/rust-lang/crates.io-index"
checksum = "15654ed4ab61726bf918a39cb8d98a2e2995b002387807fa6ba58fdf7f59bb23"
dependencies = [
 "dtoa",
 "linked-hash-map",
 "serde",
 "yaml-rust",
]

[[package]]
name = "similar"
version = "1.3.0"
source = "registry+https://github.com/rust-lang/crates.io-index"
checksum = "1ad1d488a557b235fc46dae55512ffbfc429d2482b08b4d9435ab07384ca8aec"

[[package]]
name = "smallstr"
version = "0.2.0"
source = "registry+https://github.com/rust-lang/crates.io-index"
checksum = "1e922794d168678729ffc7e07182721a14219c65814e66e91b839a272fe5ae4f"
dependencies = [
 "serde",
 "smallvec",
]

[[package]]
name = "smallvec"
version = "1.6.1"
source = "registry+https://github.com/rust-lang/crates.io-index"
checksum = "fe0f37c9e8f3c5a4a66ad655a93c74daac4ad00c441533bf5c6e7990bb42604e"

[[package]]
name = "static_assertions"
version = "1.1.0"
source = "registry+https://github.com/rust-lang/crates.io-index"
checksum = "a2eb9349b6444b326872e140eb1cf5e7c522154d69e7a0ffb0fb81c06b37543f"

[[package]]
name = "syn"
version = "1.0.73"
source = "registry+https://github.com/rust-lang/crates.io-index"
checksum = "f71489ff30030d2ae598524f61326b902466f72a0fb1a8564c001cc63425bcc7"
dependencies = [
 "proc-macro2",
 "quote",
 "unicode-xid",
]

[[package]]
name = "syn-inline-mod"
version = "0.4.0"
source = "registry+https://github.com/rust-lang/crates.io-index"
checksum = "d0356188b235b38dc1357a13fa13b79319d80598028d549af5750e4b03a0fc47"
dependencies = [
 "proc-macro2",
 "syn",
]

[[package]]
name = "terminal_size"
version = "0.1.17"
source = "registry+https://github.com/rust-lang/crates.io-index"
checksum = "633c1a546cee861a1a6d0dc69ebeca693bf4296661ba7852b9d21d159e0506df"
dependencies = [
 "libc",
 "winapi",
]

[[package]]
name = "thiserror"
version = "1.0.25"
source = "registry+https://github.com/rust-lang/crates.io-index"
checksum = "fa6f76457f59514c7eeb4e59d891395fab0b2fd1d40723ae737d64153392e9c6"
dependencies = [
 "thiserror-impl",
]

[[package]]
name = "thiserror-impl"
version = "1.0.25"
source = "registry+https://github.com/rust-lang/crates.io-index"
checksum = "8a36768c0fbf1bb15eca10defa29526bda730a2376c2ab4393ccfa16fb1a318d"
dependencies = [
 "proc-macro2",
 "quote",
 "syn",
]

[[package]]
name = "tinystr"
version = "0.4.7"
source = "registry+https://github.com/rust-lang/crates.io-index"
checksum = "4bbe33cb8f36dc886f2de095af6c7aefd2b36a4f084081885054ad964422b46f"
dependencies = [
 "serde",
 "tinystr-macros",
 "tinystr-raw",
]

[[package]]
name = "tinystr-macros"
version = "0.2.0"
source = "registry+https://github.com/rust-lang/crates.io-index"
checksum = "5f65be51117c325c2b58eec529be7a0857d11527a9029973b58810a4c63e77a6"
dependencies = [
 "tinystr-raw",
]

[[package]]
name = "tinystr-raw"
version = "0.1.1"
source = "registry+https://github.com/rust-lang/crates.io-index"
checksum = "b975dd2af5824896acaeebf7336471fcafebfa417da0a290ded5509f297ccedb"

[[package]]
name = "toml"
version = "0.5.8"
source = "registry+https://github.com/rust-lang/crates.io-index"
checksum = "a31142970826733df8241ef35dc040ef98c679ab14d7c3e54d827099b3acecaa"
dependencies = [
 "serde",
]

[[package]]
name = "unicode-xid"
version = "0.2.2"
source = "registry+https://github.com/rust-lang/crates.io-index"
checksum = "8ccb82d61f80a663efe1f787a51b16b5a51e3314d6ac365b08639f52387b33f3"

[[package]]
name = "unindent"
version = "0.1.7"
source = "registry+https://github.com/rust-lang/crates.io-index"
checksum = "f14ee04d9415b52b3aeab06258a3f07093182b88ba0f9b8d203f211a7a7d41c7"

[[package]]
name = "uuid"
version = "0.8.2"
source = "registry+https://github.com/rust-lang/crates.io-index"
checksum = "bc5cf98d8186244414c848017f0e2676b3fcb46807f6668a97dfe67359a3c4b7"

[[package]]
name = "winapi"
version = "0.3.9"
source = "registry+https://github.com/rust-lang/crates.io-index"
checksum = "5c839a674fcd7a98952e593242ea400abe93992746761e38641405d28b00f419"
dependencies = [
 "winapi-i686-pc-windows-gnu",
 "winapi-x86_64-pc-windows-gnu",
]

[[package]]
name = "winapi-i686-pc-windows-gnu"
version = "0.4.0"
source = "registry+https://github.com/rust-lang/crates.io-index"
checksum = "ac3b87c63620426dd9b991e5ce0329eff545bccbbb34f3be09ff6fb6ab51b7b6"

[[package]]
name = "winapi-x86_64-pc-windows-gnu"
version = "0.4.0"
source = "registry+https://github.com/rust-lang/crates.io-index"
checksum = "712e227841d057c1ee1cd2fb22fa7e5a5461ae8e48fa2ca79ec42cfc1931183f"

[[package]]
name = "writeable"
version = "0.2.0"
source = "registry+https://github.com/rust-lang/crates.io-index"
checksum = "3814413f55bcae6f60a7729ae206ba581e845de877b0c3d37eb87d923a8893bb"

[[package]]
name = "yaml-rust"
version = "0.4.5"
source = "registry+https://github.com/rust-lang/crates.io-index"
checksum = "56c1936c4cc7a1c9ab21a1ebb602eb942ba868cbd44a99cb7cdc5892335e1c85"
dependencies = [
 "linked-hash-map",
]
